
Microsoft Visual Studio Solution File, Format Version 11.00
# Visual Studio 2010
Project("{FAE04EC0-301F-11D3-BF4B-00C04F79EFBC}") = "FuzeFinanceiro", "FuzeFinanceiro\FuzeFinanceiro.csproj", "{28657651-1629-4899-B46B-D3BB0FD4AAC2}"
EndProject
Project("{FAE04EC0-301F-11D3-BF4B-00C04F79EFBC}") = "Fuze.Domain.dll", "..\..\Dll\Fuze.Domain.dll\Fuze.Domain.dll.csproj", "{5317815D-B803-4149-BF62-0FA0C2A447A8}"
EndProject
Project("{FAE04EC0-301F-11D3-BF4B-00C04F79EFBC}") = "Fuze.Repository.dll", "..\..\Dll\Fuze.Repository.dll\Fuze.Repository.dll.csproj", "{6688F443-DAEC-4994-AB24-56ED4B50AF52}"
EndProject
Global
	GlobalSection(SolutionConfigurationPlatforms) = preSolution
		Debug|Any CPU = Debug|Any CPU
		Debug|Mixed Platforms = Debug|Mixed Platforms
		Debug|x86 = Debug|x86
		Release|Any CPU = Release|Any CPU
		Release|Mixed Platforms = Release|Mixed Platforms
		Release|x86 = Release|x86
	EndGlobalSection
	GlobalSection(ProjectConfigurationPlatforms) = postSolution
		{28657651-1629-4899-B46B-D3BB0FD4AAC2}.Debug|Any CPU.ActiveCfg = Debug|x86
		{28657651-1629-4899-B46B-D3BB0FD4AAC2}.Debug|Mixed Platforms.ActiveCfg = Debug|x86
		{28657651-1629-4899-B46B-D3BB0FD4AAC2}.Debug|Mixed Platforms.Build.0 = Debug|x86
		{28657651-1629-4899-B46B-D3BB0FD4AAC2}.Debug|x86.ActiveCfg = Debug|x86
		{28657651-1629-4899-B46B-D3BB0FD4AAC2}.Debug|x86.Build.0 = Debug|x86
		{28657651-1629-4899-B46B-D3BB0FD4AAC2}.Release|Any CPU.ActiveCfg = Release|x86
		{28657651-1629-4899-B46B-D3BB0FD4AAC2}.Release|Mixed Platforms.ActiveCfg = Release|x86
		{28657651-1629-4899-B46B-D3BB0FD4AAC2}.Release|Mixed Platforms.Build.0 = Release|x86
		{28657651-1629-4899-B46B-D3BB0FD4AAC2}.Release|x86.ActiveCfg = Release|x86
		{28657651-1629-4899-B46B-D3BB0FD4AAC2}.Release|x86.Build.0 = Release|x86
		{5317815D-B803-4149-BF62-0FA0C2A447A8}.Debug|Any CPU.ActiveCfg = Debug|Any CPU
		{5317815D-B803-4149-BF62-0FA0C2A447A8}.Debug|Any CPU.Build.0 = Debug|Any CPU
		{5317815D-B803-4149-BF62-0FA0C2A447A8}.Debug|Mixed Platforms.ActiveCfg = Debug|Any CPU
		{5317815D-B803-4149-BF62-0FA0C2A447A8}.Debug|Mixed Platforms.Build.0 = Debug|Any CPU
		{5317815D-B803-4149-BF62-0FA0C2A447A8}.Debug|x86.ActiveCfg = Debug|Any CPU
		{5317815D-B803-4149-BF62-0FA0C2A447A8}.Release|Any CPU.ActiveCfg = Release|Any CPU
		{5317815D-B803-4149-BF62-0FA0C2A447A8}.Release|Any CPU.Build.0 = Release|Any CPU
		{5317815D-B803-4149-BF62-0FA0C2A447A8}.Release|Mixed Platforms.ActiveCfg = Release|Any CPU
		{5317815D-B803-4149-BF62-0FA0C2A447A8}.Release|Mixed Platforms.Build.0 = Release|Any CPU
		{5317815D-B803-4149-BF62-0FA0C2A447A8}.Release|x86.ActiveCfg = Release|Any CPU
		{6688F443-DAEC-4994-AB24-56ED4B50AF52}.Debug|Any CPU.ActiveCfg = Debug|Any CPU
		{6688F443-DAEC-4994-AB24-56ED4B50AF52}.Debug|Any CPU.Build.0 = Debug|Any CPU
		{6688F443-DAEC-4994-AB24-56ED4B50AF52}.Debug|Mixed Platforms.ActiveCfg = Debug|Any CPU
		{6688F443-DAEC-4994-AB24-56ED4B50AF52}.Debug|Mixed Platforms.Build.0 = Debug|Any CPU
		{6688F443-DAEC-4994-AB24-56ED4B50AF52}.Debug|x86.ActiveCfg = Debug|Any CPU
		{6688F443-DAEC-4994-AB24-56ED4B50AF52}.Release|Any CPU.ActiveCfg = Release|Any CPU
		{6688F443-DAEC-4994-AB24-56ED4B50AF52}.Release|Any CPU.Build.0 = Release|Any CPU
		{6688F443-DAEC-4994-AB24-56ED4B50AF52}.Release|Mixed Platforms.ActiveCfg = Release|Any CPU
		{6688F443-DAEC-4994-AB24-56ED4B50AF52}.Release|Mixed Platforms.Build.0 = Release|Any CPU
		{6688F443-DAEC-4994-AB24-56ED4B50AF52}.Release|x86.ActiveCfg = Release|Any CPU
	EndGlobalSection
	GlobalSection(SolutionProperties) = preSolution
		HideSolutionNode = FALSE
	EndGlobalSection
	GlobalSection(ExtensibilityGlobals) = postSolution
		VisualSVNWorkingCopyRoot = .
	EndGlobalSection
EndGlobal
